{
  "name": "distributed_node",
  "version": "1.0.0",
  "lockfileVersion": 3,
  "requires": true,
  "packages": {
    "": {
      "name": "distributed_node",
      "version": "1.0.0",
      "license": "ISC",
      "workspaces": [
        "packages/feature_1",
        "packages/feature_2",
        "packages/api"
      ]
    },
    "node_modules/@types/node": {
      "version": "20.4.5",
      "resolved": "https://registry.npmjs.org/@types/node/-/node-20.4.5.tgz",
      "integrity": "sha512-rt40Nk13II9JwQBdeYqmbn2Q6IVTA5uPhvSO+JVqdXw/6/4glI6oR9ezty/A9Hg5u7JH4OmYmuQ+XvjKm0Datg==",
      "dev": true
    },
    "node_modules/api": {
      "resolved": "packages/api",
      "link": true
    },
    "node_modules/feature_1": {
      "resolved": "packages/feature_1",
      "link": true
    },
    "node_modules/feature_2": {
      "resolved": "packages/feature_2",
      "link": true
    },
    "node_modules/typescript": {
      "version": "5.1.6",
      "resolved": "https://registry.npmjs.org/typescript/-/typescript-5.1.6.tgz",
      "integrity": "sha512-zaWCozRZ6DLEWAWFrVDz1H6FVXzUSfTy5FUMWsQlU8Ym5JP9eO4xkTIROFCQvhQf61z6O/G6ugw3SgAnvvm+HA==",
      "dev": true,
      "bin": {
        "tsc": "bin/tsc",
        "tsserver": "bin/tsserver"
      },
      "engines": {
        "node": ">=14.17"
      }
    },
    "packages/api": {
      "version": "1.0.0",
      "license": "ISC",
      "devDependencies": {}
    },
    "packages/feature_1": {
      "version": "1.0.0",
      "license": "ISC"
    },
    "packages/feature_2": {
      "version": "1.0.0",
      "license": "ISC",
      "devDependencies": {
        "@types/node": "^20.4.5",
        "typescript": "^5.1.6"
      }
    }
  }
}
